// !$*UTF8*$!
{
	archiveVersion = 1;
	classes = {
	};
	objectVersion = 46;
	objects = {

/* Begin PBXBuildFile section */
		19DE4B5A1AA34D4F00B81690 /* AppDelegate.swift in Sources */ = {isa = PBXBuildFile; fileRef = 19DE4B591AA34D4F00B81690 /* AppDelegate.swift */; };
		19DE4B5C1AA34D4F00B81690 /* ViewController.swift in Sources */ = {isa = PBXBuildFile; fileRef = 19DE4B5B1AA34D4F00B81690 /* ViewController.swift */; };
		19DE4B5F1AA34D4F00B81690 /* Main.storyboard in Resources */ = {isa = PBXBuildFile; fileRef = 19DE4B5D1AA34D4F00B81690 /* Main.storyboard */; };
		19DE4B611AA34D4F00B81690 /* Images.xcassets in Resources */ = {isa = PBXBuildFile; fileRef = 19DE4B601AA34D4F00B81690 /* Images.xcassets */; };
		19DE4B641AA34D4F00B81690 /* LaunchScreen.xib in Resources */ = {isa = PBXBuildFile; fileRef = 19DE4B621AA34D4F00B81690 /* LaunchScreen.xib */; };
		19DE4B701AA34D4F00B81690 /* QuickDialTests.swift in Sources */ = {isa = PBXBuildFile; fileRef = 19DE4B6F1AA34D4F00B81690 /* QuickDialTests.swift */; };
		19DE4B801AA34D6A00B81690 /* NotificationCenter.framework in Frameworks */ = {isa = PBXBuildFile; fileRef = 19DE4B7F1AA34D6A00B81690 /* NotificationCenter.framework */; };
		19DE4B851AA34D6A00B81690 /* TodayViewController.swift in Sources */ = {isa = PBXBuildFile; fileRef = 19DE4B841AA34D6A00B81690 /* TodayViewController.swift */; };
		19DE4B871AA34D6A00B81690 /* MainInterface.storyboard in Resources */ = {isa = PBXBuildFile; fileRef = 19DE4B861AA34D6A00B81690 /* MainInterface.storyboard */; };
		19DE4B8A1AA34D6A00B81690 /* QuickDial Widget.appex in Embed App Extensions */ = {isa = PBXBuildFile; fileRef = 19DE4B7D1AA34D6A00B81690 /* QuickDial Widget.appex */; settings = {ATTRIBUTES = (RemoveHeadersOnCopy, ); }; };
/* End PBXBuildFile section */

/* Begin PBXContainerItemProxy section */
		19DE4B6A1AA34D4F00B81690 /* PBXContainerItemProxy */ = {
			isa = PBXContainerItemProxy;
			containerPortal = 19DE4B4C1AA34D4F00B81690 /* Project object */;
			proxyType = 1;
			remoteGlobalIDString = 19DE4B531AA34D4F00B81690;
			remoteInfo = QuickDial;
		};
		19DE4B881AA34D6A00B81690 /* PBXContainerItemProxy */ = {
			isa = PBXContainerItemProxy;
			containerPortal = 19DE4B4C1AA34D4F00B81690 /* Project object */;
			proxyType = 1;
			remoteGlobalIDString = 19DE4B7C1AA34D6A00B81690;
			remoteInfo = "QuickDial Widget";
		};
/* End PBXContainerItemProxy section */

/* Begin PBXCopyFilesBuildPhase section */
		19DE4B8E1AA34D6A00B81690 /* Embed App Extensions */ = {
			isa = PBXCopyFilesBuildPhase;
			buildActionMask = 2147483647;
			dstPath = "";
			dstSubfolderSpec = 13;
			files = (
				19DE4B8A1AA34D6A00B81690 /* QuickDial Widget.appex in Embed App Extensions */,
			);
			name = "Embed App Extensions";
			runOnlyForDeploymentPostprocessing = 0;
		};
/* End PBXCopyFilesBuildPhase section */

/* Begin PBXFileReference section */
		19DE4B541AA34D4F00B81690 /* QuickDial.app */ = {isa = PBXFileReference; explicitFileType = wrapper.application; includeInIndex = 0; path = QuickDial.app; sourceTree = BUILT_PRODUCTS_DIR; };
		19DE4B581AA34D4F00B81690 /* Info.plist */ = {isa = PBXFileReference; lastKnownFileType = text.plist.xml; path = Info.plist; sourceTree = "<group>"; };
		19DE4B591AA34D4F00B81690 /* AppDelegate.swift */ = {isa = PBXFileReference; lastKnownFileType = sourcecode.swift; path = AppDelegate.swift; sourceTree = "<group>"; };
		19DE4B5B1AA34D4F00B81690 /* ViewController.swift */ = {isa = PBXFileReference; lastKnownFileType = sourcecode.swift; path = ViewController.swift; sourceTree = "<group>"; };
		19DE4B5E1AA34D4F00B81690 /* Base */ = {isa = PBXFileReference; lastKnownFileType = file.storyboard; name = Base; path = Base.lproj/Main.storyboard; sourceTree = "<group>"; };
		19DE4B601AA34D4F00B81690 /* Images.xcassets */ = {isa = PBXFileReference; lastKnownFileType = folder.assetcatalog; path = Images.xcassets; sourceTree = "<group>"; };
		19DE4B631AA34D4F00B81690 /* Base */ = {isa = PBXFileReference; lastKnownFileType = file.xib; name = Base; path = Base.lproj/LaunchScreen.xib; sourceTree = "<group>"; };
		19DE4B691AA34D4F00B81690 /* QuickDialTests.xctest */ = {isa = PBXFileReference; explicitFileType = wrapper.cfbundle; includeInIndex = 0; path = QuickDialTests.xctest; sourceTree = BUILT_PRODUCTS_DIR; };
		19DE4B6E1AA34D4F00B81690 /* Info.plist */ = {isa = PBXFileReference; lastKnownFileType = text.plist.xml; path = Info.plist; sourceTree = "<group>"; };
		19DE4B6F1AA34D4F00B81690 /* QuickDialTests.swift */ = {isa = PBXFileReference; lastKnownFileType = sourcecode.swift; path = QuickDialTests.swift; sourceTree = "<group>"; };
		19DE4B7D1AA34D6A00B81690 /* QuickDial Widget.appex */ = {isa = PBXFileReference; explicitFileType = "wrapper.app-extension"; includeInIndex = 0; path = "QuickDial Widget.appex"; sourceTree = BUILT_PRODUCTS_DIR; };
		19DE4B7F1AA34D6A00B81690 /* NotificationCenter.framework */ = {isa = PBXFileReference; lastKnownFileType = wrapper.framework; name = NotificationCenter.framework; path = System/Library/Frameworks/NotificationCenter.framework; sourceTree = SDKROOT; };
		19DE4B831AA34D6A00B81690 /* Info.plist */ = {isa = PBXFileReference; lastKnownFileType = text.plist.xml; path = Info.plist; sourceTree = "<group>"; };
		19DE4B841AA34D6A00B81690 /* TodayViewController.swift */ = {isa = PBXFileReference; lastKnownFileType = sourcecode.swift; path = TodayViewController.swift; sourceTree = "<group>"; };
		19DE4B861AA34D6A00B81690 /* MainInterface.storyboard */ = {isa = PBXFileReference; lastKnownFileType = file.storyboard; path = MainInterface.storyboard; sourceTree = "<group>"; };
/* End PBXFileReference section */

/* Begin PBXFrameworksBuildPhase section */
		19DE4B511AA34D4F00B81690 /* Frameworks */ = {
			isa = PBXFrameworksBuildPhase;
			buildActionMask = 2147483647;
			files = (
			);
			runOnlyForDeploymentPostprocessing = 0;
		};
		19DE4B661AA34D4F00B81690 /* Frameworks */ = {
			isa = PBXFrameworksBuildPhase;
			buildActionMask = 2147483647;
			files = (
			);
			runOnlyForDeploymentPostprocessing = 0;
		};
		19DE4B7A1AA34D6A00B81690 /* Frameworks */ = {
			isa = PBXFrameworksBuildPhase;
			buildActionMask = 2147483647;
			files = (
				19DE4B801AA34D6A00B81690 /* NotificationCenter.framework in Frameworks */,
			);
			runOnlyForDeploymentPostprocessing = 0;
		};
/* End PBXFrameworksBuildPhase section */

/* Begin PBXGroup section */
		19DE4B4B1AA34D4F00B81690 = {
			isa = PBXGroup;
			children = (
				19DE4B561AA34D4F00B81690 /* QuickDial */,
				19DE4B6C1AA34D4F00B81690 /* QuickDialTests */,
				19DE4B811AA34D6A00B81690 /* QuickDial Widget */,
				19DE4B7E1AA34D6A00B81690 /* Frameworks */,
				19DE4B551AA34D4F00B81690 /* Products */,
			);
			sourceTree = "<group>";
		};
		19DE4B551AA34D4F00B81690 /* Products */ = {
			isa = PBXGroup;
			children = (
				19DE4B541AA34D4F00B81690 /* QuickDial.app */,
				19DE4B691AA34D4F00B81690 /* QuickDialTests.xctest */,
				19DE4B7D1AA34D6A00B81690 /* QuickDial Widget.appex */,
			);
			name = Products;
			sourceTree = "<group>";
		};
		19DE4B561AA34D4F00B81690 /* QuickDial */ = {
			isa = PBXGroup;
			children = (
				19DE4B591AA34D4F00B81690 /* AppDelegate.swift */,
				19DE4B5B1AA34D4F00B81690 /* ViewController.swift */,
				19DE4B5D1AA34D4F00B81690 /* Main.storyboard */,
				19DE4B601AA34D4F00B81690 /* Images.xcassets */,
				19DE4B621AA34D4F00B81690 /* LaunchScreen.xib */,
				19DE4B571AA34D4F00B81690 /* Supporting Files */,
			);
			path = QuickDial;
			sourceTree = "<group>";
		};
		19DE4B571AA34D4F00B81690 /* Supporting Files */ = {
			isa = PBXGroup;
			children = (
				19DE4B581AA34D4F00B81690 /* Info.plist */,
			);
			name = "Supporting Files";
			sourceTree = "<group>";
		};
		19DE4B6C1AA34D4F00B81690 /* QuickDialTests */ = {
			isa = PBXGroup;
			children = (
				19DE4B6F1AA34D4F00B81690 /* QuickDialTests.swift */,
				19DE4B6D1AA34D4F00B81690 /* Supporting Files */,
			);
			path = QuickDialTests;
			sourceTree = "<group>";
		};
		19DE4B6D1AA34D4F00B81690 /* Supporting Files */ = {
			isa = PBXGroup;
			children = (
				19DE4B6E1AA34D4F00B81690 /* Info.plist */,
			);
			name = "Supporting Files";
			sourceTree = "<group>";
		};
		19DE4B7E1AA34D6A00B81690 /* Frameworks */ = {
			isa = PBXGroup;
			children = (
				19DE4B7F1AA34D6A00B81690 /* NotificationCenter.framework */,
			);
			name = Frameworks;
			sourceTree = "<group>";
		};
		19DE4B811AA34D6A00B81690 /* QuickDial Widget */ = {
			isa = PBXGroup;
			children = (
				19DE4B841AA34D6A00B81690 /* TodayViewController.swift */,
				19DE4B861AA34D6A00B81690 /* MainInterface.storyboard */,
				19DE4B821AA34D6A00B81690 /* Supporting Files */,
			);
			path = "QuickDial Widget";
			sourceTree = "<group>";
		};
		19DE4B821AA34D6A00B81690 /* Supporting Files */ = {
			isa = PBXGroup;
			children = (
				19DE4B831AA34D6A00B81690 /* Info.plist */,
			);
			name = "Supporting Files";
			sourceTree = "<group>";
		};
/* End PBXGroup section */

/* Begin PBXNativeTarget section */
		19DE4B531AA34D4F00B81690 /* QuickDial */ = {
			isa = PBXNativeTarget;
			buildConfigurationList = 19DE4B731AA34D4F00B81690 /* Build configuration list for PBXNativeTarget "QuickDial" */;
			buildPhases = (
				19DE4B501AA34D4F00B81690 /* Sources */,
				19DE4B511AA34D4F00B81690 /* Frameworks */,
				19DE4B521AA34D4F00B81690 /* Resources */,
				19DE4B8E1AA34D6A00B81690 /* Embed App Extensions */,
			);
			buildRules = (
			);
			dependencies = (
				19DE4B891AA34D6A00B81690 /* PBXTargetDependency */,
			);
			name = QuickDial;
			productName = QuickDial;
			productReference = 19DE4B541AA34D4F00B81690 /* QuickDial.app */;
			productType = "com.apple.product-type.application";
		};
		19DE4B681AA34D4F00B81690 /* QuickDialTests */ = {
			isa = PBXNativeTarget;
			buildConfigurationList = 19DE4B761AA34D4F00B81690 /* Build configuration list for PBXNativeTarget "QuickDialTests" */;
			buildPhases = (
				19DE4B651AA34D4F00B81690 /* Sources */,
				19DE4B661AA34D4F00B81690 /* Frameworks */,
				19DE4B671AA34D4F00B81690 /* Resources */,
			);
			buildRules = (
			);
			dependencies = (
				19DE4B6B1AA34D4F00B81690 /* PBXTargetDependency */,
			);
			name = QuickDialTests;
			productName = QuickDialTests;
			productReference = 19DE4B691AA34D4F00B81690 /* QuickDialTests.xctest */;
			productType = "com.apple.product-type.bundle.unit-test";
		};
		19DE4B7C1AA34D6A00B81690 /* QuickDial Widget */ = {
			isa = PBXNativeTarget;
			buildConfigurationList = 19DE4B8B1AA34D6A00B81690 /* Build configuration list for PBXNativeTarget "QuickDial Widget" */;
			buildPhases = (
				19DE4B791AA34D6A00B81690 /* Sources */,
				19DE4B7A1AA34D6A00B81690 /* Frameworks */,
				19DE4B7B1AA34D6A00B81690 /* Resources */,
			);
			buildRules = (
			);
			dependencies = (
			);
			name = "QuickDial Widget";
			productName = "QuickDial Widget";
			productReference = 19DE4B7D1AA34D6A00B81690 /* QuickDial Widget.appex */;
			productType = "com.apple.product-type.app-extension";
		};
/* End PBXNativeTarget section */

/* Begin PBXProject section */
		19DE4B4C1AA34D4F00B81690 /* Project object */ = {
			isa = PBXProject;
			attributes = {
				LastUpgradeCheck = 0610;
				ORGANIZATIONNAME = SatanWoo;
				TargetAttributes = {
					19DE4B531AA34D4F00B81690 = {
						CreatedOnToolsVersion = 6.1;
					};
					19DE4B681AA34D4F00B81690 = {
						CreatedOnToolsVersion = 6.1;
						TestTargetID = 19DE4B531AA34D4F00B81690;
					};
					19DE4B7C1AA34D6A00B81690 = {
						CreatedOnToolsVersion = 6.1;
					};
				};
			};
			buildConfigurationList = 19DE4B4F1AA34D4F00B81690 /* Build configuration list for PBXProject "QuickDial" */;
			compatibilityVersion = "Xcode 3.2";
			developmentRegion = English;
			hasScannedForEncodings = 0;
			knownRegions = (
				en,
				Base,
			);
			mainGroup = 19DE4B4B1AA34D4F00B81690;
			productRefGroup = 19DE4B551AA34D4F00B81690 /* Products */;
			projectDirPath = "";
			projectRoot = "";
			targets = (
				19DE4B531AA34D4F00B81690 /* QuickDial */,
				19DE4B681AA34D4F00B81690 /* QuickDialTests */,
				19DE4B7C1AA34D6A00B81690 /* QuickDial Widget */,
			);
		};
/* End PBXProject section */

/* Begin PBXResourcesBuildPhase section */
		19DE4B521AA34D4F00B81690 /* Resources */ = {
			isa = PBXResourcesBuildPhase;
			buildActionMask = 2147483647;
			files = (
				19DE4B5F1AA34D4F00B81690 /* Main.storyboard in Resources */,
				19DE4B641AA34D4F00B81690 /* LaunchScreen.xib in Resources */,
				19DE4B611AA34D4F00B81690 /* Images.xcassets in Resources */,
			);
			runOnlyForDeploymentPostprocessing = 0;
		};
		19DE4B671AA34D4F00B81690 /* Resources */ = {
			isa = PBXResourcesBuildPhase;
			buildActionMask = 2147483647;
			files = (
			);
			runOnlyForDeploymentPostprocessing = 0;
		};
		19DE4B7B1AA34D6A00B81690 /* Resources */ = {
			isa = PBXResourcesBuildPhase;
			buildActionMask = 2147483647;
			files = (
				19DE4B871AA34D6A00B81690 /* MainInterface.storyboard in Resources */,
			);
			runOnlyForDeploymentPostprocessing = 0;
		};
/* End PBXResourcesBuildPhase section */

/* Begin PBXSourcesBuildPhase section */
		19DE4B501AA34D4F00B81690 /* Sources */ = {
			isa = PBXSourcesBuildPhase;
			buildActionMask = 2147483647;
			files = (
				19DE4B5C1AA34D4F00B81690 /* ViewController.swift in Sources */,
				19DE4B5A1AA34D4F00B81690 /* AppDelegate.swift in Sources */,
			);
			runOnlyForDeploymentPostprocessing = 0;
		};
		19DE4B651AA34D4F00B81690 /* Sources */ = {
			isa = PBXSourcesBuildPhase;
			buildActionMask = 2147483647;
			files = (
				19DE4B701AA34D4F00B81690 /* QuickDialTests.swift in Sources */,
			);
			runOnlyForDeploymentPostprocessing = 0;
		};
		19DE4B791AA34D6A00B81690 /* Sources */ = {
			isa = PBXSourcesBuildPhase;
			buildActionMask = 2147483647;
			files = (
				19DE4B851AA34D6A00B81690 /* TodayViewController.swift in Sources */,
			);
			runOnlyForDeploymentPostprocessing = 0;
		};
/* End PBXSourcesBuildPhase section */

/* Begin PBXTargetDependency section */
		19DE4B6B1AA34D4F00B81690 /* PBXTargetDependency */ = {
			isa = PBXTargetDependency;
			target = 19DE4B531AA34D4F00B81690 /* QuickDial */;
			targetProxy = 19DE4B6A1AA34D4F00B81690 /* PBXContainerItemProxy */;
		};
		19DE4B891AA34D6A00B81690 /* PBXTargetDependency */ = {
			isa = PBXTargetDependency;
			target = 19DE4B7C1AA34D6A00B81690 /* QuickDial Widget */;
			targetProxy = 19DE4B881AA34D6A00B81690 /* PBXContainerItemProxy */;
		};
/* End PBXTargetDependency section */

/* Begin PBXVariantGroup section */
		19DE4B5D1AA34D4F00B81690 /* Main.storyboard */ = {
			isa = PBXVariantGroup;
			children = (
				19DE4B5E1AA34D4F00B81690 /* Base */,
			);
			name = Main.storyboard;
			sourceTree = "<group>";
		};
		19DE4B621AA34D4F00B81690 /* LaunchScreen.xib */ = {
			isa = PBXVariantGroup;
			children = (
				19DE4B631AA34D4F00B81690 /* Base */,
			);
			name = LaunchScreen.xib;
			sourceTree = "<group>";
		};
/* End PBXVariantGroup section */

/* Begin XCBuildConfiguration section */
		19DE4B711AA34D4F00B81690 /* Debug */ = {
			isa = XCBuildConfiguration;
			buildSettings = {
				ALWAYS_SEARCH_USER_PATHS = NO;
				CLANG_CXX_LANGUAGE_STANDARD = "gnu++0x";
				CLANG_CXX_LIBRARY = "libc++";
				CLANG_ENABLE_MODULES = YES;
				CLANG_ENABLE_OBJC_ARC = YES;
				CLANG_WARN_BOOL_CONVERSION = YES;
				CLANG_WARN_CONSTANT_CONVERSION = YES;
				CLANG_WARN_DIRECT_OBJC_ISA_USAGE = YES_ERROR;
				CLANG_WARN_EMPTY_BODY = YES;
				CLANG_WARN_ENUM_CONVERSION = YES;
				CLANG_WARN_INT_CONVERSION = YES;
				CLANG_WARN_OBJC_ROOT_CLASS = YES_ERROR;
				CLANG_WARN_UNREACHABLE_CODE = YES;
				CLANG_WARN__DUPLICATE_METHOD_MATCH = YES;
				"CODE_SIGN_IDENTITY[sdk=iphoneos*]" = "iPhone Developer";
				COPY_PHASE_STRIP = NO;
				ENABLE_STRICT_OBJC_MSGSEND = YES;
				GCC_C_LANGUAGE_STANDARD = gnu99;
				GCC_DYNAMIC_NO_PIC = NO;
				GCC_OPTIMIZATION_LEVEL = 0;
				GCC_PREPROCESSOR_DEFINITIONS = (
					"DEBUG=1",
					"$(inherited)",
				);
				GCC_SYMBOLS_PRIVATE_EXTERN = NO;
				GCC_WARN_64_TO_32_BIT_CONVERSION = YES;
				GCC_WARN_ABOUT_RETURN_TYPE = YES_ERROR;
				GCC_WARN_UNDECLARED_SELECTOR = YES;
				GCC_WARN_UNINITIALIZED_AUTOS = YES_AGGRESSIVE;
				GCC_WARN_UNUSED_FUNCTION = YES;
				GCC_WARN_UNUSED_VARIABLE = YES;
				IPHONEOS_DEPLOYMENT_TARGET = 8.1;
				MTL_ENABLE_DEBUG_INFO = YES;
				ONLY_ACTIVE_ARCH = YES;
				SDKROOT = iphoneos;
				SWIFT_OPTIMIZATION_LEVEL = "-Onone";
			};
			name = Debug;
		};
		19DE4B721AA34D4F00B81690 /* Release */ = {
			isa = XCBuildConfiguration;
			buildSettings = {
				ALWAYS_SEARCH_USER_PATHS = NO;
				CLANG_CXX_LANGUAGE_STANDARD = "gnu++0x";
				CLANG_CXX_LIBRARY = "libc++";
				CLANG_ENABLE_MODULES = YES;
				CLANG_ENABLE_OBJC_ARC = YES;
				CLANG_WARN_BOOL_CONVERSION = YES;
				CLANG_WARN_CONSTANT_CONVERSION = YES;
				CLANG_WARN_DIRECT_OBJC_ISA_USAGE = YES_ERROR;
				CLANG_WARN_EMPTY_BODY = YES;
				CLANG_WARN_ENUM_CONVERSION = YES;
				CLANG_WARN_INT_CONVERSION = YES;
				CLANG_WARN_OBJC_ROOT_CLASS = YES_ERROR;
				CLANG_WARN_UNREACHABLE_CODE = YES;
				CLANG_WARN__DUPLICATE_METHOD_MATCH = YES;
				"CODE_SIGN_IDENTITY[sdk=iphoneos*]" = "iPhone Developer";
				COPY_PHASE_STRIP = YES;
				ENABLE_NS_ASSERTIONS = NO;
				ENABLE_STRICT_OBJC_MSGSEND = YES;
				GCC_C_LANGUAGE_STANDARD = gnu99;
				GCC_WARN_64_TO_32_BIT_CONVERSION = YES;
				GCC_WARN_ABOUT_RETURN_TYPE = YES_ERROR;
				GCC_WARN_UNDECLARED_SELECTOR = YES;
				GCC_WARN_UNINITIALIZED_AUTOS = YES_AGGRESSIVE;
				GCC_WARN_UNUSED_FUNCTION = YES;
				GCC_WARN_UNUSED_VARIABLE = YES;
				IPHONEOS_DEPLOYMENT_TARGET = 8.1;
				MTL_ENABLE_DEBUG_INFO = NO;
				SDKROOT = iphoneos;
				VALIDATE_PRODUCT = YES;
			};
			name = Release;
		};
		19DE4B741AA34D4F00B81690 /* Debug */ = {
			isa = XCBuildConfiguration;
			buildSettings = {
				ASSETCATALOG_COMPILER_APPICON_NAME = AppIcon;
				EMBEDDED_CONTENT_CONTAINS_SWIFT = YES;
				INFOPLIST_FILE = QuickDial/Info.plist;
				LD_RUNPATH_SEARCH_PATHS = "$(inherited) @executable_path/Frameworks";
				PRODUCT_NAME = "$(TARGET_NAME)";
			};
			name = Debug;
		};
		19DE4B751AA34D4F00B81690 /* Release */ = {
			isa = XCBuildConfiguration;
			buildSettings = {
				ASSETCATALOG_COMPILER_APPICON_NAME = AppIcon;
				EMBEDDED_CONTENT_CONTAINS_SWIFT = YES;
				INFOPLIST_FILE = QuickDial/Info.plist;
				LD_RUNPATH_SEARCH_PATHS = "$(inherited) @executable_path/Frameworks";
				PRODUCT_NAME = "$(TARGET_NAME)";
			};
			name = Release;
		};
		19DE4B771AA34D4F00B81690 /* Debug */ = {
			isa = XCBuildConfiguration;
			buildSettings = {
				BUNDLE_LOADER = "$(TEST_HOST)";
				FRAMEWORK_SEARCH_PATHS = (
					"$(SDKROOT)/Developer/Library/Frameworks",
					"$(inherited)",
				);
				GCC_PREPROCESSOR_DEFINITIONS = (
					"DEBUG=1",
					"$(inherited)",
				);
				INFOPLIST_FILE = QuickDialTests/Info.plist;
				LD_RUNPATH_SEARCH_PATHS = "$(inherited) @executable_path/Frameworks @loader_path/Frameworks";
				PRODUCT_NAME = "$(TARGET_NAME)";
				TEST_HOST = "$(BUILT_PRODUCTS_DIR)/QuickDial.app/QuickDial";
			};
			name = Debug;
		};
		19DE4B781AA34D4F00B81690 /* Release */ = {
			isa = XCBuildConfiguration;
			buildSettings = {
				BUNDLE_LOADER = "$(TEST_HOST)";
				FRAMEWORK_SEARCH_PATHS = (
					"$(SDKROOT)/Developer/Library/Frameworks",
					"$(inherited)",
				);
				INFOPLIST_FILE = QuickDialTests/Info.plist;
				LD_RUNPATH_SEARCH_PATHS = "$(inherited) @executable_path/Frameworks @loader_path/Frameworks";
				PRODUCT_NAME = "$(TARGET_NAME)";
				TEST_HOST = "$(BUILT_PRODUCTS_DIR)/QuickDial.app/QuickDial";
			};
			name = Release;
		};
		19DE4B8C1AA34D6A00B81690 /* Debug */ = {
			isa = XCBuildConfiguration;
			buildSettings = {
				GCC_PREPROCESSOR_DEFINITIONS = (
					"DEBUG=1",
					"$(inherited)",
				);
				INFOPLIST_FILE = "QuickDial Widget/Info.plist";
				LD_RUNPATH_SEARCH_PATHS = "$(inherited) @executable_path/Frameworks @executable_path/../../Frameworks";
				PRODUCT_NAME = "$(TARGET_NAME)";
				SKIP_INSTALL = YES;
			};
			name = Debug;
		};
		19DE4B8D1AA34D6A00B81690 /* Release */ = {
			isa = XCBuildConfiguration;
			buildSettings = {
				INFOPLIST_FILE = "QuickDial Widget/Info.plist";
				LD_RUNPATH_SEARCH_PATHS = "$(inherited) @executable_path/Frameworks @executable_path/../../Frameworks";
				PRODUCT_NAME = "$(TARGET_NAME)";
				SKIP_INSTALL = YES;
			};
			name = Release;
		};
/* End XCBuildConfiguration section */

/* Begin XCConfigurationList section */
		19DE4B4F1AA34D4F00B81690 /* Build configuration list for PBXProject "QuickDial" */ = {
			isa = XCConfigurationList;
			buildConfigurations = (
				19DE4B711AA34D4F00B81690 /* Debug */,
				19DE4B721AA34D4F00B81690 /* Release */,
			);
			defaultConfigurationIsVisible = 0;
			defaultConfigurationName = Release;
		};
		19DE4B731AA34D4F00B81690 /* Build configuration list for PBXNativeTarget "QuickDial" */ = {
			isa = XCConfigurationList;
			buildConfigurations = (
				19DE4B741AA34D4F00B81690 /* Debug */,
				19DE4B751AA34D4F00B81690 /* Release */,
			);
			defaultConfigurationIsVisible = 0;
		};
		19DE4B761AA34D4F00B81690 /* Build configuration list for PBXNativeTarget "QuickDialTests" */ = {
			isa = XCConfigurationList;
			buildConfigurations = (
				19DE4B771AA34D4F00B81690 /* Debug */,
				19DE4B781AA34D4F00B81690 /* Release */,
			);
			defaultConfigurationIsVisible = 0;
		};
		19DE4B8B1AA34D6A00B81690 /* Build configuration list for PBXNativeTarget "QuickDial Widget" */ = {
			isa = XCConfigurationList;
			buildConfigurations = (
				19DE4B8C1AA34D6A00B81690 /* Debug */,
				19DE4B8D1AA34D6A00B81690 /* Release */,
			);
			defaultConfigurationIsVisible = 0;
		};
/* End XCConfigurationList section */
	};
	rootObject = 19DE4B4C1AA34D4F00B81690 /* Project object */;
}
